
Microsoft Visual Studio Solution File, Format Version 12.00
# Visual Studio Version 16
VisualStudioVersion = 16.0.30621.155
MinimumVisualStudioVersion = 10.0.40219.1
Project("{2150E333-8FDC-42A3-9474-1A3956D46DE8}") = "CleanArch.Application", "CleanArch.Application", "{B4557609-4BAA-4AB1-88B1-EE575CD2ECBF}"
EndProject
Project("{2150E333-8FDC-42A3-9474-1A3956D46DE8}") = "CleanArch.Domain", "CleanArch.Domain", "{A07D801C-9BC8-42FC-AD69-0F4624AE895C}"
EndProject
Project("{2150E333-8FDC-42A3-9474-1A3956D46DE8}") = "CleanArch.Infra.IOC", "CleanArch.Infra.IOC", "{99237BF7-1C9D-484F-98EE-CA13EEED7428}"
EndProject
Project("{2150E333-8FDC-42A3-9474-1A3956D46DE8}") = "CleanArch.Infra.Data", "CleanArch.Infra.Data", "{95744FA3-5E4F-4B5F-9882-23FAE2C4EB3F}"
EndProject
Project("{2150E333-8FDC-42A3-9474-1A3956D46DE8}") = "CleanArch.UI.MVC", "CleanArch.UI.MVC", "{1BDC881D-74F5-4538-A3EA-42C731C85A77}"
EndProject
Project("{FAE04EC0-301F-11D3-BF4B-00C04F79EFBC}") = "CleanArch.MVC", "CleanArch.MVC\CleanArch.MVC.csproj", "{8BFED08E-7927-47C7-90AF-C6CE3D0D2E6E}"
EndProject
Global
	GlobalSection(SolutionConfigurationPlatforms) = preSolution
		Debug|Any CPU = Debug|Any CPU
		Release|Any CPU = Release|Any CPU
	EndGlobalSection
	GlobalSection(ProjectConfigurationPlatforms) = postSolution
		{8BFED08E-7927-47C7-90AF-C6CE3D0D2E6E}.Debug|Any CPU.ActiveCfg = Debug|Any CPU
		{8BFED08E-7927-47C7-90AF-C6CE3D0D2E6E}.Debug|Any CPU.Build.0 = Debug|Any CPU
		{8BFED08E-7927-47C7-90AF-C6CE3D0D2E6E}.Release|Any CPU.ActiveCfg = Release|Any CPU
		{8BFED08E-7927-47C7-90AF-C6CE3D0D2E6E}.Release|Any CPU.Build.0 = Release|Any CPU
	EndGlobalSection
	GlobalSection(SolutionProperties) = preSolution
		HideSolutionNode = FALSE
	EndGlobalSection
	GlobalSection(NestedProjects) = preSolution
		{8BFED08E-7927-47C7-90AF-C6CE3D0D2E6E} = {1BDC881D-74F5-4538-A3EA-42C731C85A77}
	EndGlobalSection
	GlobalSection(ExtensibilityGlobals) = postSolution
		SolutionGuid = {86D71540-41F6-4649-B9CE-CA6580BC86EC}
	EndGlobalSection
EndGlobal
